
Microsoft Visual Studio Solution File, Format Version 12.00
# Visual Studio Version 17
VisualStudioVersion = 17.10.35013.160
MinimumVisualStudioVersion = 10.0.40219.1
Project("{FAE04EC0-301F-11D3-BF4B-00C04F79EFBC}") = "SimTimer", "SimTimer.csproj", "{17BEF91A-B5E7-4A45-83BD-C1EA6EDAA0A8}"
EndProject
Global
	GlobalSection(SolutionConfigurationPlatforms) = preSolution
		Debug|Any CPU = Debug|Any CPU
		Release|Any CPU = Release|Any CPU
	EndGlobalSection
	GlobalSection(ProjectConfigurationPlatforms) = postSolution
		{17BEF91A-B5E7-4A45-83BD-C1EA6EDAA0A8}.Debug|Any CPU.ActiveCfg = Debug|Any CPU
		{17BEF91A-B5E7-4A45-83BD-C1EA6EDAA0A8}.Debug|Any CPU.Build.0 = Debug|Any CPU
		{17BEF91A-B5E7-4A45-83BD-C1EA6EDAA0A8}.Release|Any CPU.ActiveCfg = Release|Any CPU
		{17BEF91A-B5E7-4A45-83BD-C1EA6EDAA0A8}.Release|Any CPU.Build.0 = Release|Any CPU
	EndGlobalSection
	GlobalSection(SolutionProperties) = preSolution
		HideSolutionNode = FALSE
	EndGlobalSection
	GlobalSection(ExtensibilityGlobals) = postSolution
		SolutionGuid = {2704A499-2EEB-40A1-963A-D6307B5A949F}
	EndGlobalSection
EndGlobal
